
Microsoft Visual Studio Solution File, Format Version 12.00
# Visual Studio Version 17
VisualStudioVersion = 17.8.34330.188
MinimumVisualStudioVersion = 10.0.40219.1
Project("{FAE04EC0-301F-11D3-BF4B-00C04F79EFBC}") = "fragalado", "fragalado\fragalado.csproj", "{E1E1C150-B166-4532-B301-5C487FB61B92}"
EndProject
Project("{FAE04EC0-301F-11D3-BF4B-00C04F79EFBC}") = "DAL", "DAL\DAL.csproj", "{00B84531-AFDC-4F61-88A7-9C269ECCD75B}"
EndProject
Global
	GlobalSection(SolutionConfigurationPlatforms) = preSolution
		Debug|Any CPU = Debug|Any CPU
		Release|Any CPU = Release|Any CPU
	EndGlobalSection
	GlobalSection(ProjectConfigurationPlatforms) = postSolution
		{E1E1C150-B166-4532-B301-5C487FB61B92}.Debug|Any CPU.ActiveCfg = Debug|Any CPU
		{E1E1C150-B166-4532-B301-5C487FB61B92}.Debug|Any CPU.Build.0 = Debug|Any CPU
		{E1E1C150-B166-4532-B301-5C487FB61B92}.Release|Any CPU.ActiveCfg = Release|Any CPU
		{E1E1C150-B166-4532-B301-5C487FB61B92}.Release|Any CPU.Build.0 = Release|Any CPU
		{00B84531-AFDC-4F61-88A7-9C269ECCD75B}.Debug|Any CPU.ActiveCfg = Debug|Any CPU
		{00B84531-AFDC-4F61-88A7-9C269ECCD75B}.Debug|Any CPU.Build.0 = Debug|Any CPU
		{00B84531-AFDC-4F61-88A7-9C269ECCD75B}.Release|Any CPU.ActiveCfg = Release|Any CPU
		{00B84531-AFDC-4F61-88A7-9C269ECCD75B}.Release|Any CPU.Build.0 = Release|Any CPU
	EndGlobalSection
	GlobalSection(SolutionProperties) = preSolution
		HideSolutionNode = FALSE
	EndGlobalSection
	GlobalSection(ExtensibilityGlobals) = postSolution
		SolutionGuid = {614EB9AA-82BB-4AB5-8298-3C9777B44711}
	EndGlobalSection
EndGlobal
